
Microsoft Visual Studio Solution File, Format Version 12.00
# Visual Studio Version 16
VisualStudioVersion = 16.0.30621.155
MinimumVisualStudioVersion = 10.0.40219.1
Project("{9A19103F-16F7-4668-BE54-9A1E7A4F7556}") = "DIO.Series", "DIO.Series.csproj", "{B8E5259E-60C9-4325-93DF-BC0795A25D1E}"
EndProject
Global
	GlobalSection(SolutionConfigurationPlatforms) = preSolution
		Debug|Any CPU = Debug|Any CPU
		Release|Any CPU = Release|Any CPU
	EndGlobalSection
	GlobalSection(ProjectConfigurationPlatforms) = postSolution
		{B8E5259E-60C9-4325-93DF-BC0795A25D1E}.Debug|Any CPU.ActiveCfg = Debug|Any CPU
		{B8E5259E-60C9-4325-93DF-BC0795A25D1E}.Debug|Any CPU.Build.0 = Debug|Any CPU
		{B8E5259E-60C9-4325-93DF-BC0795A25D1E}.Release|Any CPU.ActiveCfg = Release|Any CPU
		{B8E5259E-60C9-4325-93DF-BC0795A25D1E}.Release|Any CPU.Build.0 = Release|Any CPU
	EndGlobalSection
	GlobalSection(SolutionProperties) = preSolution
		HideSolutionNode = FALSE
	EndGlobalSection
	GlobalSection(ExtensibilityGlobals) = postSolution
		SolutionGuid = {11318E66-F6EF-4B8E-A038-2C192F3BA7E4}
	EndGlobalSection
EndGlobal
